
Microsoft Visual Studio Solution File, Format Version 10.00
# Visual Studio 2008
Project("{8BC9CEB8-8B4A-11D0-8D11-00A0C91BC942}") = "game_shaders", "shaders_2008.vcproj", "{757D18DA-B1EA-414D-A19D-BC584734BB48}"
	ProjectSection(ProjectDependencies) = postProject
		{BC287067-17A5-47C2-AF14-9A0416E6BFB7} = {BC287067-17A5-47C2-AF14-9A0416E6BFB7}
	EndProjectSection
EndProject
Project("{8BC9CEB8-8B4A-11D0-8D11-00A0C91BC942}") = "shaders_dependency_2008", "shaders_dependency_2008.vcproj", "{BC287067-17A5-47C2-AF14-9A0416E6BFB7}"
EndProject
Project("{8BC9CEB8-8B4A-11D0-8D11-00A0C91BC942}") = "shaderlib", "..\..\..\rage\base\src\shaderlib\shaderlib_2008.vcproj", "{EA175B64-8471-4030-A1AD-32BE55C9BCAD}"
EndProject
Project("{8BC9CEB8-8B4A-11D0-8D11-00A0C91BC942}") = "rage_shaders", "..\..\..\rage\base\src\shaders\rage_shaders_2008.vcproj", "{4CFD690B-F1B9-4951-8204-534E7C099B44}"
EndProject
Global
	GlobalSection(SolutionConfigurationPlatforms) = preSolution
		BankRelease|Win32 = BankRelease|Win32
		BankRelease|x64 = BankRelease|x64
		Beta|Win32 = Beta|Win32
		Beta|x64 = Beta|x64
		D3D SM 3.0 Final|Win32 = D3D SM 3.0 Final|Win32
		D3D SM 3.0 Final|x64 = D3D SM 3.0 Final|x64
		D3D SM 3.0|Win32 = D3D SM 3.0|Win32
		D3D SM 3.0|x64 = D3D SM 3.0|x64
		D3D SM 4.0 Final|Win32 = D3D SM 4.0 Final|Win32
		D3D SM 4.0 Final|x64 = D3D SM 4.0 Final|x64
		D3D SM 4.0 LQ|Win32 = D3D SM 4.0 LQ|Win32
		D3D SM 4.0 LQ|x64 = D3D SM 4.0 LQ|x64
		D3D SM 4.0|Win32 = D3D SM 4.0|Win32
		D3D SM 4.0|x64 = D3D SM 4.0|x64
		D3D SM 5.0 Final|Win32 = D3D SM 5.0 Final|Win32
		D3D SM 5.0 Final|x64 = D3D SM 5.0 Final|x64
		D3D SM 5.0|Win32 = D3D SM 5.0|Win32
		D3D SM 5.0|x64 = D3D SM 5.0|x64
		Debug|Win32 = Debug|Win32
		Debug|x64 = Debug|x64
		Durango|Win32 = Durango|Win32
		Durango|x64 = Durango|x64
		Final|Win32 = Final|Win32
		Final|x64 = Final|x64
		Max Thirdparty|Win32 = Max Thirdparty|Win32
		Max Thirdparty|x64 = Max Thirdparty|x64
		Max|Win32 = Max|Win32
		Max|x64 = Max|x64
		Orbis|Win32 = Orbis|Win32
		Orbis|x64 = Orbis|x64
		PreRelease|Win32 = PreRelease|Win32
		PreRelease|x64 = PreRelease|x64
		Profile|Win32 = Profile|Win32
		Profile|x64 = Profile|x64
		PS3 Final|Win32 = PS3 Final|Win32
		PS3 Final|x64 = PS3 Final|x64
		PS3 Optimized Final|Win32 = PS3 Optimized Final|Win32
		PS3 Optimized Final|x64 = PS3 Optimized Final|x64
		PS3 Optimized|Win32 = PS3 Optimized|Win32
		PS3 Optimized|x64 = PS3 Optimized|x64
		PS3|Win32 = PS3|Win32
		PS3|x64 = PS3|x64
		Release|Win32 = Release|Win32
		Release|x64 = Release|x64
		RscBeta|Win32 = RscBeta|Win32
		RscBeta|x64 = RscBeta|x64
		RscDebug|Win32 = RscDebug|Win32
		RscDebug|x64 = RscDebug|x64
		RscRelease|Win32 = RscRelease|Win32
		RscRelease|x64 = RscRelease|x64
		SN PS3 SNC BankRelease|Win32 = SN PS3 SNC BankRelease|Win32
		SN PS3 SNC BankRelease|x64 = SN PS3 SNC BankRelease|x64
		SN PS3 SNC Beta|Win32 = SN PS3 SNC Beta|Win32
		SN PS3 SNC Beta|x64 = SN PS3 SNC Beta|x64
		SN PS3 SNC Debug|Win32 = SN PS3 SNC Debug|Win32
		SN PS3 SNC Debug|x64 = SN PS3 SNC Debug|x64
		SN PS3 SNC Final|Win32 = SN PS3 SNC Final|Win32
		SN PS3 SNC Final|x64 = SN PS3 SNC Final|x64
		SN PS3 SNC PreRelease|Win32 = SN PS3 SNC PreRelease|Win32
		SN PS3 SNC PreRelease|x64 = SN PS3 SNC PreRelease|x64
		SN PS3 SNC Profile|Win32 = SN PS3 SNC Profile|Win32
		SN PS3 SNC Profile|x64 = SN PS3 SNC Profile|x64
		SN PS3 SNC Release|Win32 = SN PS3 SNC Release|Win32
		SN PS3 SNC Release|x64 = SN PS3 SNC Release|x64
		ToolBeta|Win32 = ToolBeta|Win32
		ToolBeta|x64 = ToolBeta|x64
		ToolDebug|Win32 = ToolDebug|Win32
		ToolDebug|x64 = ToolDebug|x64
		ToolFinal|Win32 = ToolFinal|Win32
		ToolFinal|x64 = ToolFinal|x64
		ToolPreRelease|Win32 = ToolPreRelease|Win32
		ToolPreRelease|x64 = ToolPreRelease|x64
		ToolProfile|Win32 = ToolProfile|Win32
		ToolProfile|x64 = ToolProfile|x64
		ToolRelease|Win32 = ToolRelease|Win32
		ToolRelease|x64 = ToolRelease|x64
		Xbox 360 Final|Win32 = Xbox 360 Final|Win32
		Xbox 360 Final|x64 = Xbox 360 Final|x64
		Xbox 360|Win32 = Xbox 360|Win32
		Xbox 360|x64 = Xbox 360|x64
	EndGlobalSection
	GlobalSection(ProjectConfigurationPlatforms) = postSolution
		{757D18DA-B1EA-414D-A19D-BC584734BB48}.BankRelease|Win32.ActiveCfg = Durango|Win32
		{757D18DA-B1EA-414D-A19D-BC584734BB48}.BankRelease|Win32.Build.0 = Durango|Win32
		{757D18DA-B1EA-414D-A19D-BC584734BB48}.BankRelease|x64.ActiveCfg = Durango|Win32
		{757D18DA-B1EA-414D-A19D-BC584734BB48}.Beta|Win32.ActiveCfg = Durango|Win32
		{757D18DA-B1EA-414D-A19D-BC584734BB48}.Beta|Win32.Build.0 = Durango|Win32
		{757D18DA-B1EA-414D-A19D-BC584734BB48}.Beta|x64.ActiveCfg = Durango|Win32
		{757D18DA-B1EA-414D-A19D-BC584734BB48}.D3D SM 3.0 Final|Win32.ActiveCfg = D3D SM 3.0 Final|Win32
		{757D18DA-B1EA-414D-A19D-BC584734BB48}.D3D SM 3.0 Final|Win32.Build.0 = D3D SM 3.0 Final|Win32
		{757D18DA-B1EA-414D-A19D-BC584734BB48}.D3D SM 3.0 Final|x64.ActiveCfg = D3D SM 3.0 Final|Win32
		{757D18DA-B1EA-414D-A19D-BC584734BB48}.D3D SM 3.0|Win32.ActiveCfg = D3D SM 3.0|Win32
		{757D18DA-B1EA-414D-A19D-BC584734BB48}.D3D SM 3.0|Win32.Build.0 = D3D SM 3.0|Win32
		{757D18DA-B1EA-414D-A19D-BC584734BB48}.D3D SM 3.0|x64.ActiveCfg = D3D SM 3.0|Win32
		{757D18DA-B1EA-414D-A19D-BC584734BB48}.D3D SM 4.0 Final|Win32.ActiveCfg = D3D SM 4.0 Final|Win32
		{757D18DA-B1EA-414D-A19D-BC584734BB48}.D3D SM 4.0 Final|Win32.Build.0 = D3D SM 4.0 Final|Win32
		{757D18DA-B1EA-414D-A19D-BC584734BB48}.D3D SM 4.0 Final|x64.ActiveCfg = D3D SM 4.0 Final|Win32
		{757D18DA-B1EA-414D-A19D-BC584734BB48}.D3D SM 4.0 LQ|Win32.ActiveCfg = D3D SM 4.0 LQ|Win32
		{757D18DA-B1EA-414D-A19D-BC584734BB48}.D3D SM 4.0 LQ|Win32.Build.0 = D3D SM 4.0 LQ|Win32
		{757D18DA-B1EA-414D-A19D-BC584734BB48}.D3D SM 4.0 LQ|x64.ActiveCfg = D3D SM 4.0 LQ|Win32
		{757D18DA-B1EA-414D-A19D-BC584734BB48}.D3D SM 4.0|Win32.ActiveCfg = D3D SM 4.0|Win32
		{757D18DA-B1EA-414D-A19D-BC584734BB48}.D3D SM 4.0|Win32.Build.0 = D3D SM 4.0|Win32
		{757D18DA-B1EA-414D-A19D-BC584734BB48}.D3D SM 4.0|x64.ActiveCfg = D3D SM 4.0|Win32
		{757D18DA-B1EA-414D-A19D-BC584734BB48}.D3D SM 5.0 Final|Win32.ActiveCfg = D3D SM 5.0 Final|Win32
		{757D18DA-B1EA-414D-A19D-BC584734BB48}.D3D SM 5.0 Final|Win32.Build.0 = D3D SM 5.0 Final|Win32
		{757D18DA-B1EA-414D-A19D-BC584734BB48}.D3D SM 5.0 Final|x64.ActiveCfg = D3D SM 5.0 Final|Win32
		{757D18DA-B1EA-414D-A19D-BC584734BB48}.D3D SM 5.0|Win32.ActiveCfg = D3D SM 5.0|Win32
		{757D18DA-B1EA-414D-A19D-BC584734BB48}.D3D SM 5.0|Win32.Build.0 = D3D SM 5.0|Win32
		{757D18DA-B1EA-414D-A19D-BC584734BB48}.D3D SM 5.0|x64.ActiveCfg = D3D SM 5.0|Win32
		{757D18DA-B1EA-414D-A19D-BC584734BB48}.Debug|Win32.ActiveCfg = Durango|Win32
		{757D18DA-B1EA-414D-A19D-BC584734BB48}.Debug|Win32.Build.0 = Durango|Win32
		{757D18DA-B1EA-414D-A19D-BC584734BB48}.Debug|x64.ActiveCfg = Durango|Win32
		{757D18DA-B1EA-414D-A19D-BC584734BB48}.Durango|Win32.ActiveCfg = Durango|Win32
		{757D18DA-B1EA-414D-A19D-BC584734BB48}.Durango|Win32.Build.0 = Durango|Win32
		{757D18DA-B1EA-414D-A19D-BC584734BB48}.Durango|x64.ActiveCfg = Durango|Win32
		{757D18DA-B1EA-414D-A19D-BC584734BB48}.Final|Win32.ActiveCfg = D3D SM 5.0 Final|Win32
		{757D18DA-B1EA-414D-A19D-BC584734BB48}.Final|Win32.Build.0 = D3D SM 5.0 Final|Win32
		{757D18DA-B1EA-414D-A19D-BC584734BB48}.Final|x64.ActiveCfg = Durango|Win32
		{757D18DA-B1EA-414D-A19D-BC584734BB48}.Max Thirdparty|Win32.ActiveCfg = Max Thirdparty|Win32
		{757D18DA-B1EA-414D-A19D-BC584734BB48}.Max Thirdparty|Win32.Build.0 = Max Thirdparty|Win32
		{757D18DA-B1EA-414D-A19D-BC584734BB48}.Max Thirdparty|x64.ActiveCfg = Max Thirdparty|Win32
		{757D18DA-B1EA-414D-A19D-BC584734BB48}.Max|Win32.ActiveCfg = Max|Win32
		{757D18DA-B1EA-414D-A19D-BC584734BB48}.Max|Win32.Build.0 = Max|Win32
		{757D18DA-B1EA-414D-A19D-BC584734BB48}.Max|x64.ActiveCfg = Max|Win32
		{757D18DA-B1EA-414D-A19D-BC584734BB48}.Orbis|Win32.ActiveCfg = Orbis|Win32
		{757D18DA-B1EA-414D-A19D-BC584734BB48}.Orbis|Win32.Build.0 = Orbis|Win32
		{757D18DA-B1EA-414D-A19D-BC584734BB48}.Orbis|x64.ActiveCfg = Orbis|Win32
		{757D18DA-B1EA-414D-A19D-BC584734BB48}.PreRelease|Win32.ActiveCfg = PS3 Optimized|Win32
		{757D18DA-B1EA-414D-A19D-BC584734BB48}.PreRelease|Win32.Build.0 = PS3 Optimized|Win32
		{757D18DA-B1EA-414D-A19D-BC584734BB48}.PreRelease|x64.ActiveCfg = PS3 Optimized|Win32
		{757D18DA-B1EA-414D-A19D-BC584734BB48}.Profile|Win32.ActiveCfg = PS3 Optimized|Win32
		{757D18DA-B1EA-414D-A19D-BC584734BB48}.Profile|Win32.Build.0 = PS3 Optimized|Win32
		{757D18DA-B1EA-414D-A19D-BC584734BB48}.Profile|x64.ActiveCfg = PS3 Optimized|Win32
		{757D18DA-B1EA-414D-A19D-BC584734BB48}.PS3 Final|Win32.ActiveCfg = PS3 Final|Win32
		{757D18DA-B1EA-414D-A19D-BC584734BB48}.PS3 Final|Win32.Build.0 = PS3 Final|Win32
		{757D18DA-B1EA-414D-A19D-BC584734BB48}.PS3 Final|x64.ActiveCfg = PS3 Final|Win32
		{757D18DA-B1EA-414D-A19D-BC584734BB48}.PS3 Optimized Final|Win32.ActiveCfg = PS3 Optimized Final|Win32
		{757D18DA-B1EA-414D-A19D-BC584734BB48}.PS3 Optimized Final|Win32.Build.0 = PS3 Optimized Final|Win32
		{757D18DA-B1EA-414D-A19D-BC584734BB48}.PS3 Optimized Final|x64.ActiveCfg = PS3 Optimized Final|Win32
		{757D18DA-B1EA-414D-A19D-BC584734BB48}.PS3 Optimized|Win32.ActiveCfg = PS3 Optimized|Win32
		{757D18DA-B1EA-414D-A19D-BC584734BB48}.PS3 Optimized|Win32.Build.0 = PS3 Optimized|Win32
		{757D18DA-B1EA-414D-A19D-BC584734BB48}.PS3 Optimized|x64.ActiveCfg = PS3 Optimized|Win32
		{757D18DA-B1EA-414D-A19D-BC584734BB48}.PS3|Win32.ActiveCfg = PS3|Win32
		{757D18DA-B1EA-414D-A19D-BC584734BB48}.PS3|Win32.Build.0 = PS3|Win32
		{757D18DA-B1EA-414D-A19D-BC584734BB48}.PS3|x64.ActiveCfg = PS3|Win32
		{757D18DA-B1EA-414D-A19D-BC584734BB48}.Release|Win32.ActiveCfg = Durango|Win32
		{757D18DA-B1EA-414D-A19D-BC584734BB48}.Release|Win32.Build.0 = Durango|Win32
		{757D18DA-B1EA-414D-A19D-BC584734BB48}.Release|x64.ActiveCfg = Durango|Win32
		{757D18DA-B1EA-414D-A19D-BC584734BB48}.RscBeta|Win32.ActiveCfg = Durango|Win32
		{757D18DA-B1EA-414D-A19D-BC584734BB48}.RscBeta|Win32.Build.0 = Durango|Win32
		{757D18DA-B1EA-414D-A19D-BC584734BB48}.RscBeta|x64.ActiveCfg = Durango|Win32
		{757D18DA-B1EA-414D-A19D-BC584734BB48}.RscDebug|Win32.ActiveCfg = Durango|Win32
		{757D18DA-B1EA-414D-A19D-BC584734BB48}.RscDebug|Win32.Build.0 = Durango|Win32
		{757D18DA-B1EA-414D-A19D-BC584734BB48}.RscDebug|x64.ActiveCfg = Durango|Win32
		{757D18DA-B1EA-414D-A19D-BC584734BB48}.RscRelease|Win32.ActiveCfg = Durango|Win32
		{757D18DA-B1EA-414D-A19D-BC584734BB48}.RscRelease|Win32.Build.0 = Durango|Win32
		{757D18DA-B1EA-414D-A19D-BC584734BB48}.RscRelease|x64.ActiveCfg = Durango|Win32
		{757D18DA-B1EA-414D-A19D-BC584734BB48}.SN PS3 SNC BankRelease|Win32.ActiveCfg = PS3|Win32
		{757D18DA-B1EA-414D-A19D-BC584734BB48}.SN PS3 SNC BankRelease|Win32.Build.0 = PS3|Win32
		{757D18DA-B1EA-414D-A19D-BC584734BB48}.SN PS3 SNC BankRelease|x64.ActiveCfg = PS3|Win32
		{757D18DA-B1EA-414D-A19D-BC584734BB48}.SN PS3 SNC Beta|Win32.ActiveCfg = PS3|Win32
		{757D18DA-B1EA-414D-A19D-BC584734BB48}.SN PS3 SNC Beta|Win32.Build.0 = PS3|Win32
		{757D18DA-B1EA-414D-A19D-BC584734BB48}.SN PS3 SNC Beta|x64.ActiveCfg = PS3|Win32
		{757D18DA-B1EA-414D-A19D-BC584734BB48}.SN PS3 SNC Debug|Win32.ActiveCfg = PS3|Win32
		{757D18DA-B1EA-414D-A19D-BC584734BB48}.SN PS3 SNC Debug|Win32.Build.0 = PS3|Win32
		{757D18DA-B1EA-414D-A19D-BC584734BB48}.SN PS3 SNC Debug|x64.ActiveCfg = PS3|Win32
		{757D18DA-B1EA-414D-A19D-BC584734BB48}.SN PS3 SNC Final|Win32.ActiveCfg = PS3|Win32
		{757D18DA-B1EA-414D-A19D-BC584734BB48}.SN PS3 SNC Final|Win32.Build.0 = PS3|Win32
		{757D18DA-B1EA-414D-A19D-BC584734BB48}.SN PS3 SNC Final|x64.ActiveCfg = PS3|Win32
		{757D18DA-B1EA-414D-A19D-BC584734BB48}.SN PS3 SNC PreRelease|Win32.ActiveCfg = PS3|Win32
		{757D18DA-B1EA-414D-A19D-BC584734BB48}.SN PS3 SNC PreRelease|Win32.Build.0 = PS3|Win32
		{757D18DA-B1EA-414D-A19D-BC584734BB48}.SN PS3 SNC PreRelease|x64.ActiveCfg = PS3|Win32
		{757D18DA-B1EA-414D-A19D-BC584734BB48}.SN PS3 SNC Profile|Win32.ActiveCfg = PS3|Win32
		{757D18DA-B1EA-414D-A19D-BC584734BB48}.SN PS3 SNC Profile|Win32.Build.0 = PS3|Win32
		{757D18DA-B1EA-414D-A19D-BC584734BB48}.SN PS3 SNC Profile|x64.ActiveCfg = PS3|Win32
		{757D18DA-B1EA-414D-A19D-BC584734BB48}.SN PS3 SNC Release|Win32.ActiveCfg = PS3|Win32
		{757D18DA-B1EA-414D-A19D-BC584734BB48}.SN PS3 SNC Release|Win32.Build.0 = PS3|Win32
		{757D18DA-B1EA-414D-A19D-BC584734BB48}.SN PS3 SNC Release|x64.ActiveCfg = PS3|Win32
		{757D18DA-B1EA-414D-A19D-BC584734BB48}.ToolBeta|Win32.ActiveCfg = Durango|Win32
		{757D18DA-B1EA-414D-A19D-BC584734BB48}.ToolBeta|Win32.Build.0 = Durango|Win32
		{757D18DA-B1EA-414D-A19D-BC584734BB48}.ToolBeta|x64.ActiveCfg = Durango|Win32
		{757D18DA-B1EA-414D-A19D-BC584734BB48}.ToolDebug|Win32.ActiveCfg = Durango|Win32
		{757D18DA-B1EA-414D-A19D-BC584734BB48}.ToolDebug|Win32.Build.0 = Durango|Win32
		{757D18DA-B1EA-414D-A19D-BC584734BB48}.ToolDebug|x64.ActiveCfg = Durango|Win32
		{757D18DA-B1EA-414D-A19D-BC584734BB48}.ToolFinal|Win32.ActiveCfg = Durango|Win32
		{757D18DA-B1EA-414D-A19D-BC584734BB48}.ToolFinal|Win32.Build.0 = Durango|Win32
		{757D18DA-B1EA-414D-A19D-BC584734BB48}.ToolFinal|x64.ActiveCfg = Durango|Win32
		{757D18DA-B1EA-414D-A19D-BC584734BB48}.ToolPreRelease|Win32.ActiveCfg = Durango|Win32
		{757D18DA-B1EA-414D-A19D-BC584734BB48}.ToolPreRelease|Win32.Build.0 = Durango|Win32
		{757D18DA-B1EA-414D-A19D-BC584734BB48}.ToolPreRelease|x64.ActiveCfg = Durango|Win32
		{757D18DA-B1EA-414D-A19D-BC584734BB48}.ToolProfile|Win32.ActiveCfg = Durango|Win32
		{757D18DA-B1EA-414D-A19D-BC584734BB48}.ToolProfile|Win32.Build.0 = Durango|Win32
		{757D18DA-B1EA-414D-A19D-BC584734BB48}.ToolProfile|x64.ActiveCfg = Durango|Win32
		{757D18DA-B1EA-414D-A19D-BC584734BB48}.ToolRelease|Win32.ActiveCfg = Durango|Win32
		{757D18DA-B1EA-414D-A19D-BC584734BB48}.ToolRelease|Win32.Build.0 = Durango|Win32
		{757D18DA-B1EA-414D-A19D-BC584734BB48}.ToolRelease|x64.ActiveCfg = Durango|Win32
		{757D18DA-B1EA-414D-A19D-BC584734BB48}.Xbox 360 Final|Win32.ActiveCfg = Xbox 360 Final|Win32
		{757D18DA-B1EA-414D-A19D-BC584734BB48}.Xbox 360 Final|Win32.Build.0 = Xbox 360 Final|Win32
		{757D18DA-B1EA-414D-A19D-BC584734BB48}.Xbox 360 Final|x64.ActiveCfg = Xbox 360 Final|Win32
		{757D18DA-B1EA-414D-A19D-BC584734BB48}.Xbox 360|Win32.ActiveCfg = Xbox 360|Win32
		{757D18DA-B1EA-414D-A19D-BC584734BB48}.Xbox 360|Win32.Build.0 = Xbox 360|Win32
		{757D18DA-B1EA-414D-A19D-BC584734BB48}.Xbox 360|x64.ActiveCfg = Xbox 360|Win32
		{BC287067-17A5-47C2-AF14-9A0416E6BFB7}.BankRelease|Win32.ActiveCfg = Release|Win32
		{BC287067-17A5-47C2-AF14-9A0416E6BFB7}.BankRelease|Win32.Build.0 = Release|Win32
		{BC287067-17A5-47C2-AF14-9A0416E6BFB7}.BankRelease|x64.ActiveCfg = Release|Win32
		{BC287067-17A5-47C2-AF14-9A0416E6BFB7}.Beta|Win32.ActiveCfg = Release|Win32
		{BC287067-17A5-47C2-AF14-9A0416E6BFB7}.Beta|Win32.Build.0 = Release|Win32
		{BC287067-17A5-47C2-AF14-9A0416E6BFB7}.Beta|x64.ActiveCfg = Release|Win32
		{BC287067-17A5-47C2-AF14-9A0416E6BFB7}.D3D SM 3.0 Final|Win32.ActiveCfg = Release|Win32
		{BC287067-17A5-47C2-AF14-9A0416E6BFB7}.D3D SM 3.0 Final|Win32.Build.0 = Release|Win32
		{BC287067-17A5-47C2-AF14-9A0416E6BFB7}.D3D SM 3.0 Final|x64.ActiveCfg = Debug|Win32
		{BC287067-17A5-47C2-AF14-9A0416E6BFB7}.D3D SM 3.0|Win32.ActiveCfg = Debug|Win32
		{BC287067-17A5-47C2-AF14-9A0416E6BFB7}.D3D SM 3.0|Win32.Build.0 = Debug|Win32
		{BC287067-17A5-47C2-AF14-9A0416E6BFB7}.D3D SM 3.0|x64.ActiveCfg = Debug|Win32
		{BC287067-17A5-47C2-AF14-9A0416E6BFB7}.D3D SM 4.0 Final|Win32.ActiveCfg = Release|Win32
		{BC287067-17A5-47C2-AF14-9A0416E6BFB7}.D3D SM 4.0 Final|Win32.Build.0 = Release|Win32
		{BC287067-17A5-47C2-AF14-9A0416E6BFB7}.D3D SM 4.0 Final|x64.ActiveCfg = Debug|Win32
		{BC287067-17A5-47C2-AF14-9A0416E6BFB7}.D3D SM 4.0 LQ|Win32.ActiveCfg = D3D SM 4.0 LQ|Win32
		{BC287067-17A5-47C2-AF14-9A0416E6BFB7}.D3D SM 4.0 LQ|x64.ActiveCfg = D3D SM 4.0 LQ|Win32
		{BC287067-17A5-47C2-AF14-9A0416E6BFB7}.D3D SM 4.0|Win32.ActiveCfg = Debug|Win32
		{BC287067-17A5-47C2-AF14-9A0416E6BFB7}.D3D SM 4.0|x64.ActiveCfg = Debug|Win32
		{BC287067-17A5-47C2-AF14-9A0416E6BFB7}.D3D SM 5.0 Final|Win32.ActiveCfg = Release|Win32
		{BC287067-17A5-47C2-AF14-9A0416E6BFB7}.D3D SM 5.0 Final|Win32.Build.0 = Release|Win32
		{BC287067-17A5-47C2-AF14-9A0416E6BFB7}.D3D SM 5.0 Final|x64.ActiveCfg = Debug|Win32
		{BC287067-17A5-47C2-AF14-9A0416E6BFB7}.D3D SM 5.0|Win32.ActiveCfg = Debug|Win32
		{BC287067-17A5-47C2-AF14-9A0416E6BFB7}.D3D SM 5.0|Win32.Build.0 = Debug|Win32
		{BC287067-17A5-47C2-AF14-9A0416E6BFB7}.D3D SM 5.0|x64.ActiveCfg = Debug|Win32
		{BC287067-17A5-47C2-AF14-9A0416E6BFB7}.Debug|Win32.ActiveCfg = Debug|Win32
		{BC287067-17A5-47C2-AF14-9A0416E6BFB7}.Debug|Win32.Build.0 = Debug|Win32
		{BC287067-17A5-47C2-AF14-9A0416E6BFB7}.Debug|x64.ActiveCfg = Debug|Win32
		{BC287067-17A5-47C2-AF14-9A0416E6BFB7}.Durango|Win32.ActiveCfg = Release|Win32
		{BC287067-17A5-47C2-AF14-9A0416E6BFB7}.Durango|Win32.Build.0 = Release|Win32
		{BC287067-17A5-47C2-AF14-9A0416E6BFB7}.Durango|x64.ActiveCfg = Debug|Win32
		{BC287067-17A5-47C2-AF14-9A0416E6BFB7}.Final|Win32.ActiveCfg = Release|Win32
		{BC287067-17A5-47C2-AF14-9A0416E6BFB7}.Final|Win32.Build.0 = Release|Win32
		{BC287067-17A5-47C2-AF14-9A0416E6BFB7}.Final|x64.ActiveCfg = Release|Win32
		{BC287067-17A5-47C2-AF14-9A0416E6BFB7}.Max Thirdparty|Win32.ActiveCfg = Debug|Win32
		{BC287067-17A5-47C2-AF14-9A0416E6BFB7}.Max Thirdparty|Win32.Build.0 = Debug|Win32
		{BC287067-17A5-47C2-AF14-9A0416E6BFB7}.Max Thirdparty|x64.ActiveCfg = Release|Win32
		{BC287067-17A5-47C2-AF14-9A0416E6BFB7}.Max|Win32.ActiveCfg = Debug|Win32
		{BC287067-17A5-47C2-AF14-9A0416E6BFB7}.Max|Win32.Build.0 = Debug|Win32
		{BC287067-17A5-47C2-AF14-9A0416E6BFB7}.Max|x64.ActiveCfg = Release|Win32
		{BC287067-17A5-47C2-AF14-9A0416E6BFB7}.Orbis|Win32.ActiveCfg = Release|Win32
		{BC287067-17A5-47C2-AF14-9A0416E6BFB7}.Orbis|Win32.Build.0 = Release|Win32
		{BC287067-17A5-47C2-AF14-9A0416E6BFB7}.Orbis|x64.ActiveCfg = Release|Win32
		{BC287067-17A5-47C2-AF14-9A0416E6BFB7}.PreRelease|Win32.ActiveCfg = Release|Win32
		{BC287067-17A5-47C2-AF14-9A0416E6BFB7}.PreRelease|Win32.Build.0 = Release|Win32
		{BC287067-17A5-47C2-AF14-9A0416E6BFB7}.PreRelease|x64.ActiveCfg = Release|Win32
		{BC287067-17A5-47C2-AF14-9A0416E6BFB7}.Profile|Win32.ActiveCfg = Release|Win32
		{BC287067-17A5-47C2-AF14-9A0416E6BFB7}.Profile|Win32.Build.0 = Release|Win32
		{BC287067-17A5-47C2-AF14-9A0416E6BFB7}.Profile|x64.ActiveCfg = Release|Win32
		{BC287067-17A5-47C2-AF14-9A0416E6BFB7}.PS3 Final|Win32.ActiveCfg = Release|Win32
		{BC287067-17A5-47C2-AF14-9A0416E6BFB7}.PS3 Final|Win32.Build.0 = Release|Win32
		{BC287067-17A5-47C2-AF14-9A0416E6BFB7}.PS3 Final|x64.ActiveCfg = Release|Win32
		{BC287067-17A5-47C2-AF14-9A0416E6BFB7}.PS3 Optimized Final|Win32.ActiveCfg = Release|Win32
		{BC287067-17A5-47C2-AF14-9A0416E6BFB7}.PS3 Optimized Final|Win32.Build.0 = Release|Win32
		{BC287067-17A5-47C2-AF14-9A0416E6BFB7}.PS3 Optimized Final|x64.ActiveCfg = Release|Win32
		{BC287067-17A5-47C2-AF14-9A0416E6BFB7}.PS3 Optimized|Win32.ActiveCfg = Debug|Win32
		{BC287067-17A5-47C2-AF14-9A0416E6BFB7}.PS3 Optimized|Win32.Build.0 = Debug|Win32
		{BC287067-17A5-47C2-AF14-9A0416E6BFB7}.PS3 Optimized|x64.ActiveCfg = Release|Win32
		{BC287067-17A5-47C2-AF14-9A0416E6BFB7}.PS3|Win32.ActiveCfg = Debug|Win32
		{BC287067-17A5-47C2-AF14-9A0416E6BFB7}.PS3|Win32.Build.0 = Debug|Win32
		{BC287067-17A5-47C2-AF14-9A0416E6BFB7}.PS3|x64.ActiveCfg = Release|Win32
		{BC287067-17A5-47C2-AF14-9A0416E6BFB7}.Release|Win32.ActiveCfg = Release|Win32
		{BC287067-17A5-47C2-AF14-9A0416E6BFB7}.Release|Win32.Build.0 = Release|Win32
		{BC287067-17A5-47C2-AF14-9A0416E6BFB7}.Release|x64.ActiveCfg = Release|Win32
		{BC287067-17A5-47C2-AF14-9A0416E6BFB7}.RscBeta|Win32.ActiveCfg = Release|Win32
		{BC287067-17A5-47C2-AF14-9A0416E6BFB7}.RscBeta|Win32.Build.0 = Release|Win32
		{BC287067-17A5-47C2-AF14-9A0416E6BFB7}.RscBeta|x64.ActiveCfg = Release|Win32
		{BC287067-17A5-47C2-AF14-9A0416E6BFB7}.RscDebug|Win32.ActiveCfg = Debug|Win32
		{BC287067-17A5-47C2-AF14-9A0416E6BFB7}.RscDebug|Win32.Build.0 = Debug|Win32
		{BC287067-17A5-47C2-AF14-9A0416E6BFB7}.RscDebug|x64.ActiveCfg = Debug|Win32
		{BC287067-17A5-47C2-AF14-9A0416E6BFB7}.RscRelease|Win32.ActiveCfg = Release|Win32
		{BC287067-17A5-47C2-AF14-9A0416E6BFB7}.RscRelease|Win32.Build.0 = Release|Win32
		{BC287067-17A5-47C2-AF14-9A0416E6BFB7}.RscRelease|x64.ActiveCfg = Release|Win32
		{BC287067-17A5-47C2-AF14-9A0416E6BFB7}.SN PS3 SNC BankRelease|Win32.ActiveCfg = Release|Win32
		{BC287067-17A5-47C2-AF14-9A0416E6BFB7}.SN PS3 SNC BankRelease|Win32.Build.0 = Release|Win32
		{BC287067-17A5-47C2-AF14-9A0416E6BFB7}.SN PS3 SNC BankRelease|x64.ActiveCfg = Release|Win32
		{BC287067-17A5-47C2-AF14-9A0416E6BFB7}.SN PS3 SNC Beta|Win32.ActiveCfg = Release|Win32
		{BC287067-17A5-47C2-AF14-9A0416E6BFB7}.SN PS3 SNC Beta|Win32.Build.0 = Release|Win32
		{BC287067-17A5-47C2-AF14-9A0416E6BFB7}.SN PS3 SNC Beta|x64.ActiveCfg = Release|Win32
		{BC287067-17A5-47C2-AF14-9A0416E6BFB7}.SN PS3 SNC Debug|Win32.ActiveCfg = Debug|Win32
		{BC287067-17A5-47C2-AF14-9A0416E6BFB7}.SN PS3 SNC Debug|Win32.Build.0 = Debug|Win32
		{BC287067-17A5-47C2-AF14-9A0416E6BFB7}.SN PS3 SNC Debug|x64.ActiveCfg = Debug|Win32
		{BC287067-17A5-47C2-AF14-9A0416E6BFB7}.SN PS3 SNC Final|Win32.ActiveCfg = Release|Win32
		{BC287067-17A5-47C2-AF14-9A0416E6BFB7}.SN PS3 SNC Final|Win32.Build.0 = Release|Win32
		{BC287067-17A5-47C2-AF14-9A0416E6BFB7}.SN PS3 SNC Final|x64.ActiveCfg = Release|Win32
		{BC287067-17A5-47C2-AF14-9A0416E6BFB7}.SN PS3 SNC PreRelease|Win32.ActiveCfg = Release|Win32
		{BC287067-17A5-47C2-AF14-9A0416E6BFB7}.SN PS3 SNC PreRelease|Win32.Build.0 = Release|Win32
		{BC287067-17A5-47C2-AF14-9A0416E6BFB7}.SN PS3 SNC PreRelease|x64.ActiveCfg = Release|Win32
		{BC287067-17A5-47C2-AF14-9A0416E6BFB7}.SN PS3 SNC Profile|Win32.ActiveCfg = Release|Win32
		{BC287067-17A5-47C2-AF14-9A0416E6BFB7}.SN PS3 SNC Profile|Win32.Build.0 = Release|Win32
		{BC287067-17A5-47C2-AF14-9A0416E6BFB7}.SN PS3 SNC Profile|x64.ActiveCfg = Release|Win32
		{BC287067-17A5-47C2-AF14-9A0416E6BFB7}.SN PS3 SNC Release|Win32.ActiveCfg = Release|Win32
		{BC287067-17A5-47C2-AF14-9A0416E6BFB7}.SN PS3 SNC Release|Win32.Build.0 = Release|Win32
		{BC287067-17A5-47C2-AF14-9A0416E6BFB7}.SN PS3 SNC Release|x64.ActiveCfg = Release|Win32
		{BC287067-17A5-47C2-AF14-9A0416E6BFB7}.ToolBeta|Win32.ActiveCfg = Release|Win32
		{BC287067-17A5-47C2-AF14-9A0416E6BFB7}.ToolBeta|Win32.Build.0 = Release|Win32
		{BC287067-17A5-47C2-AF14-9A0416E6BFB7}.ToolBeta|x64.ActiveCfg = Release|Win32
		{BC287067-17A5-47C2-AF14-9A0416E6BFB7}.ToolDebug|Win32.ActiveCfg = Debug|Win32
		{BC287067-17A5-47C2-AF14-9A0416E6BFB7}.ToolDebug|Win32.Build.0 = Debug|Win32
		{BC287067-17A5-47C2-AF14-9A0416E6BFB7}.ToolDebug|x64.ActiveCfg = Debug|Win32
		{BC287067-17A5-47C2-AF14-9A0416E6BFB7}.ToolFinal|Win32.ActiveCfg = Release|Win32
		{BC287067-17A5-47C2-AF14-9A0416E6BFB7}.ToolFinal|Win32.Build.0 = Release|Win32
		{BC287067-17A5-47C2-AF14-9A0416E6BFB7}.ToolFinal|x64.ActiveCfg = Release|Win32
		{BC287067-17A5-47C2-AF14-9A0416E6BFB7}.ToolPreRelease|Win32.ActiveCfg = Release|Win32
		{BC287067-17A5-47C2-AF14-9A0416E6BFB7}.ToolPreRelease|Win32.Build.0 = Release|Win32
		{BC287067-17A5-47C2-AF14-9A0416E6BFB7}.ToolPreRelease|x64.ActiveCfg = Release|Win32
		{BC287067-17A5-47C2-AF14-9A0416E6BFB7}.ToolProfile|Win32.ActiveCfg = Release|Win32
		{BC287067-17A5-47C2-AF14-9A0416E6BFB7}.ToolProfile|Win32.Build.0 = Release|Win32
		{BC287067-17A5-47C2-AF14-9A0416E6BFB7}.ToolProfile|x64.ActiveCfg = Release|Win32
		{BC287067-17A5-47C2-AF14-9A0416E6BFB7}.ToolRelease|Win32.ActiveCfg = Release|Win32
		{BC287067-17A5-47C2-AF14-9A0416E6BFB7}.ToolRelease|Win32.Build.0 = Release|Win32
		{BC287067-17A5-47C2-AF14-9A0416E6BFB7}.ToolRelease|x64.ActiveCfg = Release|Win32
		{BC287067-17A5-47C2-AF14-9A0416E6BFB7}.Xbox 360 Final|Win32.ActiveCfg = Release|Win32
		{BC287067-17A5-47C2-AF14-9A0416E6BFB7}.Xbox 360 Final|Win32.Build.0 = Release|Win32
		{BC287067-17A5-47C2-AF14-9A0416E6BFB7}.Xbox 360 Final|x64.ActiveCfg = Release|Win32
		{BC287067-17A5-47C2-AF14-9A0416E6BFB7}.Xbox 360|Win32.ActiveCfg = Debug|Win32
		{BC287067-17A5-47C2-AF14-9A0416E6BFB7}.Xbox 360|Win32.Build.0 = Debug|Win32
		{BC287067-17A5-47C2-AF14-9A0416E6BFB7}.Xbox 360|x64.ActiveCfg = Release|Win32
		{EA175B64-8471-4030-A1AD-32BE55C9BCAD}.BankRelease|Win32.ActiveCfg = BankRelease|Win32
		{EA175B64-8471-4030-A1AD-32BE55C9BCAD}.BankRelease|Win32.Build.0 = BankRelease|Win32
		{EA175B64-8471-4030-A1AD-32BE55C9BCAD}.BankRelease|x64.ActiveCfg = BankRelease|x64
		{EA175B64-8471-4030-A1AD-32BE55C9BCAD}.BankRelease|x64.Build.0 = BankRelease|x64
		{EA175B64-8471-4030-A1AD-32BE55C9BCAD}.Beta|Win32.ActiveCfg = Beta|Win32
		{EA175B64-8471-4030-A1AD-32BE55C9BCAD}.Beta|Win32.Build.0 = Beta|Win32
		{EA175B64-8471-4030-A1AD-32BE55C9BCAD}.Beta|x64.ActiveCfg = Beta|x64
		{EA175B64-8471-4030-A1AD-32BE55C9BCAD}.Beta|x64.Build.0 = Beta|x64
		{EA175B64-8471-4030-A1AD-32BE55C9BCAD}.D3D SM 3.0 Final|Win32.ActiveCfg = Final|Win32
		{EA175B64-8471-4030-A1AD-32BE55C9BCAD}.D3D SM 3.0 Final|Win32.Build.0 = Final|Win32
		{EA175B64-8471-4030-A1AD-32BE55C9BCAD}.D3D SM 3.0 Final|x64.ActiveCfg = Final|x64
		{EA175B64-8471-4030-A1AD-32BE55C9BCAD}.D3D SM 3.0 Final|x64.Build.0 = Final|x64
		{EA175B64-8471-4030-A1AD-32BE55C9BCAD}.D3D SM 3.0|Win32.ActiveCfg = Debug|Win32
		{EA175B64-8471-4030-A1AD-32BE55C9BCAD}.D3D SM 3.0|Win32.Build.0 = Debug|Win32
		{EA175B64-8471-4030-A1AD-32BE55C9BCAD}.D3D SM 3.0|x64.ActiveCfg = Debug|Win32
		{EA175B64-8471-4030-A1AD-32BE55C9BCAD}.D3D SM 4.0 Final|Win32.ActiveCfg = Final|Win32
		{EA175B64-8471-4030-A1AD-32BE55C9BCAD}.D3D SM 4.0 Final|Win32.Build.0 = Final|Win32
		{EA175B64-8471-4030-A1AD-32BE55C9BCAD}.D3D SM 4.0 Final|x64.ActiveCfg = Final|x64
		{EA175B64-8471-4030-A1AD-32BE55C9BCAD}.D3D SM 4.0 Final|x64.Build.0 = Final|x64
		{EA175B64-8471-4030-A1AD-32BE55C9BCAD}.D3D SM 4.0 LQ|Win32.ActiveCfg = D3D SM 4.0 LQ|Win32
		{EA175B64-8471-4030-A1AD-32BE55C9BCAD}.D3D SM 4.0 LQ|x64.ActiveCfg = D3D SM 4.0 LQ|x64
		{EA175B64-8471-4030-A1AD-32BE55C9BCAD}.D3D SM 4.0|Win32.ActiveCfg = Debug|Win32
		{EA175B64-8471-4030-A1AD-32BE55C9BCAD}.D3D SM 4.0|x64.ActiveCfg = Debug|Win32
		{EA175B64-8471-4030-A1AD-32BE55C9BCAD}.D3D SM 5.0 Final|Win32.ActiveCfg = Final|Win32
		{EA175B64-8471-4030-A1AD-32BE55C9BCAD}.D3D SM 5.0 Final|Win32.Build.0 = Final|Win32
		{EA175B64-8471-4030-A1AD-32BE55C9BCAD}.D3D SM 5.0 Final|x64.ActiveCfg = Final|x64
		{EA175B64-8471-4030-A1AD-32BE55C9BCAD}.D3D SM 5.0 Final|x64.Build.0 = Final|x64
		{EA175B64-8471-4030-A1AD-32BE55C9BCAD}.D3D SM 5.0|Win32.ActiveCfg = Debug|Win32
		{EA175B64-8471-4030-A1AD-32BE55C9BCAD}.D3D SM 5.0|Win32.Build.0 = Debug|Win32
		{EA175B64-8471-4030-A1AD-32BE55C9BCAD}.D3D SM 5.0|x64.ActiveCfg = Debug|Win32
		{EA175B64-8471-4030-A1AD-32BE55C9BCAD}.Debug|Win32.ActiveCfg = Debug|Win32
		{EA175B64-8471-4030-A1AD-32BE55C9BCAD}.Debug|Win32.Build.0 = Debug|Win32
		{EA175B64-8471-4030-A1AD-32BE55C9BCAD}.Debug|x64.ActiveCfg = Debug|x64
		{EA175B64-8471-4030-A1AD-32BE55C9BCAD}.Debug|x64.Build.0 = Debug|x64
		{EA175B64-8471-4030-A1AD-32BE55C9BCAD}.Durango|Win32.ActiveCfg = Debug|Win32
		{EA175B64-8471-4030-A1AD-32BE55C9BCAD}.Durango|x64.ActiveCfg = Debug|Win32
		{EA175B64-8471-4030-A1AD-32BE55C9BCAD}.Final|Win32.ActiveCfg = Final|Win32
		{EA175B64-8471-4030-A1AD-32BE55C9BCAD}.Final|Win32.Build.0 = Final|Win32
		{EA175B64-8471-4030-A1AD-32BE55C9BCAD}.Final|x64.ActiveCfg = Final|x64
		{EA175B64-8471-4030-A1AD-32BE55C9BCAD}.Final|x64.Build.0 = Final|x64
		{EA175B64-8471-4030-A1AD-32BE55C9BCAD}.Max Thirdparty|Win32.ActiveCfg = RscDebug|Win32
		{EA175B64-8471-4030-A1AD-32BE55C9BCAD}.Max Thirdparty|Win32.Build.0 = RscDebug|Win32
		{EA175B64-8471-4030-A1AD-32BE55C9BCAD}.Max Thirdparty|x64.ActiveCfg = RscDebug|Win32
		{EA175B64-8471-4030-A1AD-32BE55C9BCAD}.Max|Win32.ActiveCfg = RscDebug|Win32
		{EA175B64-8471-4030-A1AD-32BE55C9BCAD}.Max|Win32.Build.0 = RscDebug|Win32
		{EA175B64-8471-4030-A1AD-32BE55C9BCAD}.Max|x64.ActiveCfg = RscDebug|Win32
		{EA175B64-8471-4030-A1AD-32BE55C9BCAD}.Orbis|Win32.ActiveCfg = RscDebug|Win32
		{EA175B64-8471-4030-A1AD-32BE55C9BCAD}.Orbis|x64.ActiveCfg = RscDebug|Win32
		{EA175B64-8471-4030-A1AD-32BE55C9BCAD}.PreRelease|Win32.ActiveCfg = PreRelease|Win32
		{EA175B64-8471-4030-A1AD-32BE55C9BCAD}.PreRelease|Win32.Build.0 = PreRelease|Win32
		{EA175B64-8471-4030-A1AD-32BE55C9BCAD}.PreRelease|x64.ActiveCfg = PreRelease|x64
		{EA175B64-8471-4030-A1AD-32BE55C9BCAD}.PreRelease|x64.Build.0 = PreRelease|x64
		{EA175B64-8471-4030-A1AD-32BE55C9BCAD}.Profile|Win32.ActiveCfg = Profile|Win32
		{EA175B64-8471-4030-A1AD-32BE55C9BCAD}.Profile|Win32.Build.0 = Profile|Win32
		{EA175B64-8471-4030-A1AD-32BE55C9BCAD}.Profile|x64.ActiveCfg = Profile|x64
		{EA175B64-8471-4030-A1AD-32BE55C9BCAD}.Profile|x64.Build.0 = Profile|x64
		{EA175B64-8471-4030-A1AD-32BE55C9BCAD}.PS3 Final|Win32.ActiveCfg = Final|Win32
		{EA175B64-8471-4030-A1AD-32BE55C9BCAD}.PS3 Final|Win32.Build.0 = Final|Win32
		{EA175B64-8471-4030-A1AD-32BE55C9BCAD}.PS3 Final|x64.ActiveCfg = Final|x64
		{EA175B64-8471-4030-A1AD-32BE55C9BCAD}.PS3 Final|x64.Build.0 = Final|x64
		{EA175B64-8471-4030-A1AD-32BE55C9BCAD}.PS3 Optimized Final|Win32.ActiveCfg = Final|Win32
		{EA175B64-8471-4030-A1AD-32BE55C9BCAD}.PS3 Optimized Final|Win32.Build.0 = Final|Win32
		{EA175B64-8471-4030-A1AD-32BE55C9BCAD}.PS3 Optimized Final|x64.ActiveCfg = Final|x64
		{EA175B64-8471-4030-A1AD-32BE55C9BCAD}.PS3 Optimized Final|x64.Build.0 = Final|x64
		{EA175B64-8471-4030-A1AD-32BE55C9BCAD}.PS3 Optimized|Win32.ActiveCfg = PreRelease|Win32
		{EA175B64-8471-4030-A1AD-32BE55C9BCAD}.PS3 Optimized|Win32.Build.0 = PreRelease|Win32
		{EA175B64-8471-4030-A1AD-32BE55C9BCAD}.PS3 Optimized|x64.ActiveCfg = PreRelease|Win32
		{EA175B64-8471-4030-A1AD-32BE55C9BCAD}.PS3|Win32.ActiveCfg = PreRelease|Win32
		{EA175B64-8471-4030-A1AD-32BE55C9BCAD}.PS3|Win32.Build.0 = PreRelease|Win32
		{EA175B64-8471-4030-A1AD-32BE55C9BCAD}.PS3|x64.ActiveCfg = PreRelease|Win32
		{EA175B64-8471-4030-A1AD-32BE55C9BCAD}.Release|Win32.ActiveCfg = Release|Win32
		{EA175B64-8471-4030-A1AD-32BE55C9BCAD}.Release|Win32.Build.0 = Release|Win32
		{EA175B64-8471-4030-A1AD-32BE55C9BCAD}.Release|x64.ActiveCfg = Release|x64
		{EA175B64-8471-4030-A1AD-32BE55C9BCAD}.Release|x64.Build.0 = Release|x64
		{EA175B64-8471-4030-A1AD-32BE55C9BCAD}.RscBeta|Win32.ActiveCfg = RscBeta|Win32
		{EA175B64-8471-4030-A1AD-32BE55C9BCAD}.RscBeta|Win32.Build.0 = RscBeta|Win32
		{EA175B64-8471-4030-A1AD-32BE55C9BCAD}.RscBeta|x64.ActiveCfg = RscBeta|x64
		{EA175B64-8471-4030-A1AD-32BE55C9BCAD}.RscBeta|x64.Build.0 = RscBeta|x64
		{EA175B64-8471-4030-A1AD-32BE55C9BCAD}.RscDebug|Win32.ActiveCfg = RscDebug|Win32
		{EA175B64-8471-4030-A1AD-32BE55C9BCAD}.RscDebug|Win32.Build.0 = RscDebug|Win32
		{EA175B64-8471-4030-A1AD-32BE55C9BCAD}.RscDebug|x64.ActiveCfg = RscDebug|x64
		{EA175B64-8471-4030-A1AD-32BE55C9BCAD}.RscDebug|x64.Build.0 = RscDebug|x64
		{EA175B64-8471-4030-A1AD-32BE55C9BCAD}.RscRelease|Win32.ActiveCfg = RscRelease|Win32
		{EA175B64-8471-4030-A1AD-32BE55C9BCAD}.RscRelease|Win32.Build.0 = RscRelease|Win32
		{EA175B64-8471-4030-A1AD-32BE55C9BCAD}.RscRelease|x64.ActiveCfg = RscRelease|x64
		{EA175B64-8471-4030-A1AD-32BE55C9BCAD}.RscRelease|x64.Build.0 = RscRelease|x64
		{EA175B64-8471-4030-A1AD-32BE55C9BCAD}.SN PS3 SNC BankRelease|Win32.ActiveCfg = SN PS3 SNC BankRelease|Win32
		{EA175B64-8471-4030-A1AD-32BE55C9BCAD}.SN PS3 SNC BankRelease|Win32.Build.0 = SN PS3 SNC BankRelease|Win32
		{EA175B64-8471-4030-A1AD-32BE55C9BCAD}.SN PS3 SNC BankRelease|x64.ActiveCfg = SN PS3 SNC BankRelease|x64
		{EA175B64-8471-4030-A1AD-32BE55C9BCAD}.SN PS3 SNC BankRelease|x64.Build.0 = SN PS3 SNC BankRelease|x64
		{EA175B64-8471-4030-A1AD-32BE55C9BCAD}.SN PS3 SNC Beta|Win32.ActiveCfg = SN PS3 SNC Beta|Win32
		{EA175B64-8471-4030-A1AD-32BE55C9BCAD}.SN PS3 SNC Beta|Win32.Build.0 = SN PS3 SNC Beta|Win32
		{EA175B64-8471-4030-A1AD-32BE55C9BCAD}.SN PS3 SNC Beta|x64.ActiveCfg = SN PS3 SNC Beta|x64
		{EA175B64-8471-4030-A1AD-32BE55C9BCAD}.SN PS3 SNC Beta|x64.Build.0 = SN PS3 SNC Beta|x64
		{EA175B64-8471-4030-A1AD-32BE55C9BCAD}.SN PS3 SNC Debug|Win32.ActiveCfg = SN PS3 SNC Debug|Win32
		{EA175B64-8471-4030-A1AD-32BE55C9BCAD}.SN PS3 SNC Debug|Win32.Build.0 = SN PS3 SNC Debug|Win32
		{EA175B64-8471-4030-A1AD-32BE55C9BCAD}.SN PS3 SNC Debug|x64.ActiveCfg = SN PS3 SNC Debug|x64
		{EA175B64-8471-4030-A1AD-32BE55C9BCAD}.SN PS3 SNC Debug|x64.Build.0 = SN PS3 SNC Debug|x64
		{EA175B64-8471-4030-A1AD-32BE55C9BCAD}.SN PS3 SNC Final|Win32.ActiveCfg = SN PS3 SNC Final|Win32
		{EA175B64-8471-4030-A1AD-32BE55C9BCAD}.SN PS3 SNC Final|Win32.Build.0 = SN PS3 SNC Final|Win32
		{EA175B64-8471-4030-A1AD-32BE55C9BCAD}.SN PS3 SNC Final|x64.ActiveCfg = SN PS3 SNC Final|x64
		{EA175B64-8471-4030-A1AD-32BE55C9BCAD}.SN PS3 SNC Final|x64.Build.0 = SN PS3 SNC Final|x64
		{EA175B64-8471-4030-A1AD-32BE55C9BCAD}.SN PS3 SNC PreRelease|Win32.ActiveCfg = SN PS3 SNC PreRelease|Win32
		{EA175B64-8471-4030-A1AD-32BE55C9BCAD}.SN PS3 SNC PreRelease|Win32.Build.0 = SN PS3 SNC PreRelease|Win32
		{EA175B64-8471-4030-A1AD-32BE55C9BCAD}.SN PS3 SNC PreRelease|x64.ActiveCfg = SN PS3 SNC PreRelease|x64
		{EA175B64-8471-4030-A1AD-32BE55C9BCAD}.SN PS3 SNC PreRelease|x64.Build.0 = SN PS3 SNC PreRelease|x64
		{EA175B64-8471-4030-A1AD-32BE55C9BCAD}.SN PS3 SNC Profile|Win32.ActiveCfg = SN PS3 SNC Profile|Win32
		{EA175B64-8471-4030-A1AD-32BE55C9BCAD}.SN PS3 SNC Profile|Win32.Build.0 = SN PS3 SNC Profile|Win32
		{EA175B64-8471-4030-A1AD-32BE55C9BCAD}.SN PS3 SNC Profile|x64.ActiveCfg = SN PS3 SNC Profile|x64
		{EA175B64-8471-4030-A1AD-32BE55C9BCAD}.SN PS3 SNC Profile|x64.Build.0 = SN PS3 SNC Profile|x64
		{EA175B64-8471-4030-A1AD-32BE55C9BCAD}.SN PS3 SNC Release|Win32.ActiveCfg = SN PS3 SNC Release|Win32
		{EA175B64-8471-4030-A1AD-32BE55C9BCAD}.SN PS3 SNC Release|Win32.Build.0 = SN PS3 SNC Release|Win32
		{EA175B64-8471-4030-A1AD-32BE55C9BCAD}.SN PS3 SNC Release|x64.ActiveCfg = SN PS3 SNC Release|x64
		{EA175B64-8471-4030-A1AD-32BE55C9BCAD}.SN PS3 SNC Release|x64.Build.0 = SN PS3 SNC Release|x64
		{EA175B64-8471-4030-A1AD-32BE55C9BCAD}.ToolBeta|Win32.ActiveCfg = ToolBeta|Win32
		{EA175B64-8471-4030-A1AD-32BE55C9BCAD}.ToolBeta|Win32.Build.0 = ToolBeta|Win32
		{EA175B64-8471-4030-A1AD-32BE55C9BCAD}.ToolBeta|x64.ActiveCfg = ToolBeta|x64
		{EA175B64-8471-4030-A1AD-32BE55C9BCAD}.ToolBeta|x64.Build.0 = ToolBeta|x64
		{EA175B64-8471-4030-A1AD-32BE55C9BCAD}.ToolDebug|Win32.ActiveCfg = ToolDebug|Win32
		{EA175B64-8471-4030-A1AD-32BE55C9BCAD}.ToolDebug|Win32.Build.0 = ToolDebug|Win32
		{EA175B64-8471-4030-A1AD-32BE55C9BCAD}.ToolDebug|x64.ActiveCfg = ToolDebug|x64
		{EA175B64-8471-4030-A1AD-32BE55C9BCAD}.ToolDebug|x64.Build.0 = ToolDebug|x64
		{EA175B64-8471-4030-A1AD-32BE55C9BCAD}.ToolFinal|Win32.ActiveCfg = Final|Win32
		{EA175B64-8471-4030-A1AD-32BE55C9BCAD}.ToolFinal|Win32.Build.0 = Final|Win32
		{EA175B64-8471-4030-A1AD-32BE55C9BCAD}.ToolFinal|x64.ActiveCfg = Final|x64
		{EA175B64-8471-4030-A1AD-32BE55C9BCAD}.ToolFinal|x64.Build.0 = Final|x64
		{EA175B64-8471-4030-A1AD-32BE55C9BCAD}.ToolPreRelease|Win32.ActiveCfg = PreRelease|Win32
		{EA175B64-8471-4030-A1AD-32BE55C9BCAD}.ToolPreRelease|Win32.Build.0 = PreRelease|Win32
		{EA175B64-8471-4030-A1AD-32BE55C9BCAD}.ToolPreRelease|x64.ActiveCfg = PreRelease|x64
		{EA175B64-8471-4030-A1AD-32BE55C9BCAD}.ToolPreRelease|x64.Build.0 = PreRelease|x64
		{EA175B64-8471-4030-A1AD-32BE55C9BCAD}.ToolProfile|Win32.ActiveCfg = Profile|Win32
		{EA175B64-8471-4030-A1AD-32BE55C9BCAD}.ToolProfile|Win32.Build.0 = Profile|Win32
		{EA175B64-8471-4030-A1AD-32BE55C9BCAD}.ToolProfile|x64.ActiveCfg = Profile|x64
		{EA175B64-8471-4030-A1AD-32BE55C9BCAD}.ToolProfile|x64.Build.0 = Profile|x64
		{EA175B64-8471-4030-A1AD-32BE55C9BCAD}.ToolRelease|Win32.ActiveCfg = ToolRelease|Win32
		{EA175B64-8471-4030-A1AD-32BE55C9BCAD}.ToolRelease|Win32.Build.0 = ToolRelease|Win32
		{EA175B64-8471-4030-A1AD-32BE55C9BCAD}.ToolRelease|x64.ActiveCfg = ToolRelease|x64
		{EA175B64-8471-4030-A1AD-32BE55C9BCAD}.ToolRelease|x64.Build.0 = ToolRelease|x64
		{EA175B64-8471-4030-A1AD-32BE55C9BCAD}.Xbox 360 Final|Win32.ActiveCfg = Final|Win32
		{EA175B64-8471-4030-A1AD-32BE55C9BCAD}.Xbox 360 Final|Win32.Build.0 = Final|Win32
		{EA175B64-8471-4030-A1AD-32BE55C9BCAD}.Xbox 360 Final|x64.ActiveCfg = Final|x64
		{EA175B64-8471-4030-A1AD-32BE55C9BCAD}.Xbox 360 Final|x64.Build.0 = Final|x64
		{EA175B64-8471-4030-A1AD-32BE55C9BCAD}.Xbox 360|Win32.ActiveCfg = RscDebug|Win32
		{EA175B64-8471-4030-A1AD-32BE55C9BCAD}.Xbox 360|Win32.Build.0 = RscDebug|Win32
		{EA175B64-8471-4030-A1AD-32BE55C9BCAD}.Xbox 360|x64.ActiveCfg = RscDebug|Win32
		{4CFD690B-F1B9-4951-8204-534E7C099B44}.BankRelease|Win32.ActiveCfg = BankRelease|Win32
		{4CFD690B-F1B9-4951-8204-534E7C099B44}.BankRelease|Win32.Build.0 = BankRelease|Win32
		{4CFD690B-F1B9-4951-8204-534E7C099B44}.BankRelease|x64.ActiveCfg = BankRelease|x64
		{4CFD690B-F1B9-4951-8204-534E7C099B44}.BankRelease|x64.Build.0 = BankRelease|x64
		{4CFD690B-F1B9-4951-8204-534E7C099B44}.Beta|Win32.ActiveCfg = Beta|Win32
		{4CFD690B-F1B9-4951-8204-534E7C099B44}.Beta|Win32.Build.0 = Beta|Win32
		{4CFD690B-F1B9-4951-8204-534E7C099B44}.Beta|x64.ActiveCfg = Beta|x64
		{4CFD690B-F1B9-4951-8204-534E7C099B44}.Beta|x64.Build.0 = Beta|x64
		{4CFD690B-F1B9-4951-8204-534E7C099B44}.D3D SM 3.0 Final|Win32.ActiveCfg = Final|Win32
		{4CFD690B-F1B9-4951-8204-534E7C099B44}.D3D SM 3.0 Final|Win32.Build.0 = Final|Win32
		{4CFD690B-F1B9-4951-8204-534E7C099B44}.D3D SM 3.0 Final|x64.ActiveCfg = Final|x64
		{4CFD690B-F1B9-4951-8204-534E7C099B44}.D3D SM 3.0 Final|x64.Build.0 = Final|x64
		{4CFD690B-F1B9-4951-8204-534E7C099B44}.D3D SM 3.0|Win32.ActiveCfg = Debug|x64
		{4CFD690B-F1B9-4951-8204-534E7C099B44}.D3D SM 3.0|x64.ActiveCfg = Debug|x64
		{4CFD690B-F1B9-4951-8204-534E7C099B44}.D3D SM 3.0|x64.Build.0 = Debug|x64
		{4CFD690B-F1B9-4951-8204-534E7C099B44}.D3D SM 4.0 Final|Win32.ActiveCfg = Final|Win32
		{4CFD690B-F1B9-4951-8204-534E7C099B44}.D3D SM 4.0 Final|Win32.Build.0 = Final|Win32
		{4CFD690B-F1B9-4951-8204-534E7C099B44}.D3D SM 4.0 Final|x64.ActiveCfg = Final|x64
		{4CFD690B-F1B9-4951-8204-534E7C099B44}.D3D SM 4.0 Final|x64.Build.0 = Final|x64
		{4CFD690B-F1B9-4951-8204-534E7C099B44}.D3D SM 4.0 LQ|Win32.ActiveCfg = D3D SM 4.0 LQ|Win32
		{4CFD690B-F1B9-4951-8204-534E7C099B44}.D3D SM 4.0 LQ|x64.ActiveCfg = D3D SM 4.0 LQ|x64
		{4CFD690B-F1B9-4951-8204-534E7C099B44}.D3D SM 4.0|Win32.ActiveCfg = Debug|x64
		{4CFD690B-F1B9-4951-8204-534E7C099B44}.D3D SM 4.0|x64.ActiveCfg = Debug|x64
		{4CFD690B-F1B9-4951-8204-534E7C099B44}.D3D SM 4.0|x64.Build.0 = Debug|x64
		{4CFD690B-F1B9-4951-8204-534E7C099B44}.D3D SM 5.0 Final|Win32.ActiveCfg = Final|Win32
		{4CFD690B-F1B9-4951-8204-534E7C099B44}.D3D SM 5.0 Final|Win32.Build.0 = Final|Win32
		{4CFD690B-F1B9-4951-8204-534E7C099B44}.D3D SM 5.0 Final|x64.ActiveCfg = Final|x64
		{4CFD690B-F1B9-4951-8204-534E7C099B44}.D3D SM 5.0 Final|x64.Build.0 = Final|x64
		{4CFD690B-F1B9-4951-8204-534E7C099B44}.D3D SM 5.0|Win32.ActiveCfg = Debug|x64
		{4CFD690B-F1B9-4951-8204-534E7C099B44}.D3D SM 5.0|x64.ActiveCfg = Debug|x64
		{4CFD690B-F1B9-4951-8204-534E7C099B44}.D3D SM 5.0|x64.Build.0 = Debug|x64
		{4CFD690B-F1B9-4951-8204-534E7C099B44}.Debug|Win32.ActiveCfg = Debug|Win32
		{4CFD690B-F1B9-4951-8204-534E7C099B44}.Debug|Win32.Build.0 = Debug|Win32
		{4CFD690B-F1B9-4951-8204-534E7C099B44}.Debug|x64.ActiveCfg = Debug|x64
		{4CFD690B-F1B9-4951-8204-534E7C099B44}.Debug|x64.Build.0 = Debug|x64
		{4CFD690B-F1B9-4951-8204-534E7C099B44}.Durango|Win32.ActiveCfg = Debug|x64
		{4CFD690B-F1B9-4951-8204-534E7C099B44}.Durango|x64.ActiveCfg = Debug|x64
		{4CFD690B-F1B9-4951-8204-534E7C099B44}.Durango|x64.Build.0 = Debug|x64
		{4CFD690B-F1B9-4951-8204-534E7C099B44}.Final|Win32.ActiveCfg = Final|Win32
		{4CFD690B-F1B9-4951-8204-534E7C099B44}.Final|Win32.Build.0 = Final|Win32
		{4CFD690B-F1B9-4951-8204-534E7C099B44}.Final|x64.ActiveCfg = Final|x64
		{4CFD690B-F1B9-4951-8204-534E7C099B44}.Final|x64.Build.0 = Final|x64
		{4CFD690B-F1B9-4951-8204-534E7C099B44}.Max Thirdparty|Win32.ActiveCfg = ToolRelease|x64
		{4CFD690B-F1B9-4951-8204-534E7C099B44}.Max Thirdparty|x64.ActiveCfg = ToolRelease|x64
		{4CFD690B-F1B9-4951-8204-534E7C099B44}.Max Thirdparty|x64.Build.0 = ToolRelease|x64
		{4CFD690B-F1B9-4951-8204-534E7C099B44}.Max|Win32.ActiveCfg = ToolRelease|x64
		{4CFD690B-F1B9-4951-8204-534E7C099B44}.Max|x64.ActiveCfg = ToolRelease|x64
		{4CFD690B-F1B9-4951-8204-534E7C099B44}.Max|x64.Build.0 = ToolRelease|x64
		{4CFD690B-F1B9-4951-8204-534E7C099B44}.Orbis|Win32.ActiveCfg = ToolRelease|x64
		{4CFD690B-F1B9-4951-8204-534E7C099B44}.Orbis|x64.ActiveCfg = ToolRelease|x64
		{4CFD690B-F1B9-4951-8204-534E7C099B44}.Orbis|x64.Build.0 = ToolRelease|x64
		{4CFD690B-F1B9-4951-8204-534E7C099B44}.PreRelease|Win32.ActiveCfg = PreRelease|Win32
		{4CFD690B-F1B9-4951-8204-534E7C099B44}.PreRelease|Win32.Build.0 = PreRelease|Win32
		{4CFD690B-F1B9-4951-8204-534E7C099B44}.PreRelease|x64.ActiveCfg = PreRelease|x64
		{4CFD690B-F1B9-4951-8204-534E7C099B44}.PreRelease|x64.Build.0 = PreRelease|x64
		{4CFD690B-F1B9-4951-8204-534E7C099B44}.Profile|Win32.ActiveCfg = Profile|Win32
		{4CFD690B-F1B9-4951-8204-534E7C099B44}.Profile|Win32.Build.0 = Profile|Win32
		{4CFD690B-F1B9-4951-8204-534E7C099B44}.Profile|x64.ActiveCfg = Profile|x64
		{4CFD690B-F1B9-4951-8204-534E7C099B44}.Profile|x64.Build.0 = Profile|x64
		{4CFD690B-F1B9-4951-8204-534E7C099B44}.PS3 Final|Win32.ActiveCfg = Final|Win32
		{4CFD690B-F1B9-4951-8204-534E7C099B44}.PS3 Final|Win32.Build.0 = Final|Win32
		{4CFD690B-F1B9-4951-8204-534E7C099B44}.PS3 Final|x64.ActiveCfg = Final|x64
		{4CFD690B-F1B9-4951-8204-534E7C099B44}.PS3 Final|x64.Build.0 = Final|x64
		{4CFD690B-F1B9-4951-8204-534E7C099B44}.PS3 Optimized Final|Win32.ActiveCfg = Final|Win32
		{4CFD690B-F1B9-4951-8204-534E7C099B44}.PS3 Optimized Final|Win32.Build.0 = Final|Win32
		{4CFD690B-F1B9-4951-8204-534E7C099B44}.PS3 Optimized Final|x64.ActiveCfg = Final|x64
		{4CFD690B-F1B9-4951-8204-534E7C099B44}.PS3 Optimized Final|x64.Build.0 = Final|x64
		{4CFD690B-F1B9-4951-8204-534E7C099B44}.PS3 Optimized|Win32.ActiveCfg = Profile|x64
		{4CFD690B-F1B9-4951-8204-534E7C099B44}.PS3 Optimized|x64.ActiveCfg = Profile|x64
		{4CFD690B-F1B9-4951-8204-534E7C099B44}.PS3 Optimized|x64.Build.0 = Profile|x64
		{4CFD690B-F1B9-4951-8204-534E7C099B44}.PS3|Win32.ActiveCfg = Profile|x64
		{4CFD690B-F1B9-4951-8204-534E7C099B44}.PS3|x64.ActiveCfg = Profile|x64
		{4CFD690B-F1B9-4951-8204-534E7C099B44}.PS3|x64.Build.0 = Profile|x64
		{4CFD690B-F1B9-4951-8204-534E7C099B44}.Release|Win32.ActiveCfg = Release|Win32
		{4CFD690B-F1B9-4951-8204-534E7C099B44}.Release|Win32.Build.0 = Release|Win32
		{4CFD690B-F1B9-4951-8204-534E7C099B44}.Release|x64.ActiveCfg = Release|x64
		{4CFD690B-F1B9-4951-8204-534E7C099B44}.Release|x64.Build.0 = Release|x64
		{4CFD690B-F1B9-4951-8204-534E7C099B44}.RscBeta|Win32.ActiveCfg = RscBeta|Win32
		{4CFD690B-F1B9-4951-8204-534E7C099B44}.RscBeta|Win32.Build.0 = RscBeta|Win32
		{4CFD690B-F1B9-4951-8204-534E7C099B44}.RscBeta|x64.ActiveCfg = RscBeta|x64
		{4CFD690B-F1B9-4951-8204-534E7C099B44}.RscBeta|x64.Build.0 = RscBeta|x64
		{4CFD690B-F1B9-4951-8204-534E7C099B44}.RscDebug|Win32.ActiveCfg = RscDebug|Win32
		{4CFD690B-F1B9-4951-8204-534E7C099B44}.RscDebug|Win32.Build.0 = RscDebug|Win32
		{4CFD690B-F1B9-4951-8204-534E7C099B44}.RscDebug|x64.ActiveCfg = RscDebug|x64
		{4CFD690B-F1B9-4951-8204-534E7C099B44}.RscDebug|x64.Build.0 = RscDebug|x64
		{4CFD690B-F1B9-4951-8204-534E7C099B44}.RscRelease|Win32.ActiveCfg = RscRelease|Win32
		{4CFD690B-F1B9-4951-8204-534E7C099B44}.RscRelease|Win32.Build.0 = RscRelease|Win32
		{4CFD690B-F1B9-4951-8204-534E7C099B44}.RscRelease|x64.ActiveCfg = RscRelease|x64
		{4CFD690B-F1B9-4951-8204-534E7C099B44}.RscRelease|x64.Build.0 = RscRelease|x64
		{4CFD690B-F1B9-4951-8204-534E7C099B44}.SN PS3 SNC BankRelease|Win32.ActiveCfg = SN PS3 SNC BankRelease|Win32
		{4CFD690B-F1B9-4951-8204-534E7C099B44}.SN PS3 SNC BankRelease|Win32.Build.0 = SN PS3 SNC BankRelease|Win32
		{4CFD690B-F1B9-4951-8204-534E7C099B44}.SN PS3 SNC BankRelease|x64.ActiveCfg = SN PS3 SNC BankRelease|x64
		{4CFD690B-F1B9-4951-8204-534E7C099B44}.SN PS3 SNC BankRelease|x64.Build.0 = SN PS3 SNC BankRelease|x64
		{4CFD690B-F1B9-4951-8204-534E7C099B44}.SN PS3 SNC Beta|Win32.ActiveCfg = SN PS3 SNC Beta|Win32
		{4CFD690B-F1B9-4951-8204-534E7C099B44}.SN PS3 SNC Beta|Win32.Build.0 = SN PS3 SNC Beta|Win32
		{4CFD690B-F1B9-4951-8204-534E7C099B44}.SN PS3 SNC Beta|x64.ActiveCfg = SN PS3 SNC Beta|x64
		{4CFD690B-F1B9-4951-8204-534E7C099B44}.SN PS3 SNC Beta|x64.Build.0 = SN PS3 SNC Beta|x64
		{4CFD690B-F1B9-4951-8204-534E7C099B44}.SN PS3 SNC Debug|Win32.ActiveCfg = SN PS3 SNC Debug|Win32
		{4CFD690B-F1B9-4951-8204-534E7C099B44}.SN PS3 SNC Debug|Win32.Build.0 = SN PS3 SNC Debug|Win32
		{4CFD690B-F1B9-4951-8204-534E7C099B44}.SN PS3 SNC Debug|x64.ActiveCfg = SN PS3 SNC Debug|x64
		{4CFD690B-F1B9-4951-8204-534E7C099B44}.SN PS3 SNC Debug|x64.Build.0 = SN PS3 SNC Debug|x64
		{4CFD690B-F1B9-4951-8204-534E7C099B44}.SN PS3 SNC Final|Win32.ActiveCfg = SN PS3 SNC Final|Win32
		{4CFD690B-F1B9-4951-8204-534E7C099B44}.SN PS3 SNC Final|Win32.Build.0 = SN PS3 SNC Final|Win32
		{4CFD690B-F1B9-4951-8204-534E7C099B44}.SN PS3 SNC Final|x64.ActiveCfg = SN PS3 SNC Final|x64
		{4CFD690B-F1B9-4951-8204-534E7C099B44}.SN PS3 SNC Final|x64.Build.0 = SN PS3 SNC Final|x64
		{4CFD690B-F1B9-4951-8204-534E7C099B44}.SN PS3 SNC PreRelease|Win32.ActiveCfg = SN PS3 SNC PreRelease|Win32
		{4CFD690B-F1B9-4951-8204-534E7C099B44}.SN PS3 SNC PreRelease|Win32.Build.0 = SN PS3 SNC PreRelease|Win32
		{4CFD690B-F1B9-4951-8204-534E7C099B44}.SN PS3 SNC PreRelease|x64.ActiveCfg = SN PS3 SNC PreRelease|x64
		{4CFD690B-F1B9-4951-8204-534E7C099B44}.SN PS3 SNC PreRelease|x64.Build.0 = SN PS3 SNC PreRelease|x64
		{4CFD690B-F1B9-4951-8204-534E7C099B44}.SN PS3 SNC Profile|Win32.ActiveCfg = SN PS3 SNC Profile|Win32
		{4CFD690B-F1B9-4951-8204-534E7C099B44}.SN PS3 SNC Profile|Win32.Build.0 = SN PS3 SNC Profile|Win32
		{4CFD690B-F1B9-4951-8204-534E7C099B44}.SN PS3 SNC Profile|x64.ActiveCfg = SN PS3 SNC Profile|x64
		{4CFD690B-F1B9-4951-8204-534E7C099B44}.SN PS3 SNC Profile|x64.Build.0 = SN PS3 SNC Profile|x64
		{4CFD690B-F1B9-4951-8204-534E7C099B44}.SN PS3 SNC Release|Win32.ActiveCfg = SN PS3 SNC Release|Win32
		{4CFD690B-F1B9-4951-8204-534E7C099B44}.SN PS3 SNC Release|Win32.Build.0 = SN PS3 SNC Release|Win32
		{4CFD690B-F1B9-4951-8204-534E7C099B44}.SN PS3 SNC Release|x64.ActiveCfg = SN PS3 SNC Release|x64
		{4CFD690B-F1B9-4951-8204-534E7C099B44}.SN PS3 SNC Release|x64.Build.0 = SN PS3 SNC Release|x64
		{4CFD690B-F1B9-4951-8204-534E7C099B44}.ToolBeta|Win32.ActiveCfg = ToolBeta|Win32
		{4CFD690B-F1B9-4951-8204-534E7C099B44}.ToolBeta|Win32.Build.0 = ToolBeta|Win32
		{4CFD690B-F1B9-4951-8204-534E7C099B44}.ToolBeta|x64.ActiveCfg = ToolBeta|x64
		{4CFD690B-F1B9-4951-8204-534E7C099B44}.ToolBeta|x64.Build.0 = ToolBeta|x64
		{4CFD690B-F1B9-4951-8204-534E7C099B44}.ToolDebug|Win32.ActiveCfg = ToolDebug|Win32
		{4CFD690B-F1B9-4951-8204-534E7C099B44}.ToolDebug|Win32.Build.0 = ToolDebug|Win32
		{4CFD690B-F1B9-4951-8204-534E7C099B44}.ToolDebug|x64.ActiveCfg = ToolDebug|x64
		{4CFD690B-F1B9-4951-8204-534E7C099B44}.ToolDebug|x64.Build.0 = ToolDebug|x64
		{4CFD690B-F1B9-4951-8204-534E7C099B44}.ToolFinal|Win32.ActiveCfg = ToolFinal|Win32
		{4CFD690B-F1B9-4951-8204-534E7C099B44}.ToolFinal|Win32.Build.0 = ToolFinal|Win32
		{4CFD690B-F1B9-4951-8204-534E7C099B44}.ToolFinal|x64.ActiveCfg = ToolFinal|x64
		{4CFD690B-F1B9-4951-8204-534E7C099B44}.ToolFinal|x64.Build.0 = ToolFinal|x64
		{4CFD690B-F1B9-4951-8204-534E7C099B44}.ToolPreRelease|Win32.ActiveCfg = ToolPreRelease|Win32
		{4CFD690B-F1B9-4951-8204-534E7C099B44}.ToolPreRelease|Win32.Build.0 = ToolPreRelease|Win32
		{4CFD690B-F1B9-4951-8204-534E7C099B44}.ToolPreRelease|x64.ActiveCfg = ToolPreRelease|x64
		{4CFD690B-F1B9-4951-8204-534E7C099B44}.ToolPreRelease|x64.Build.0 = ToolPreRelease|x64
		{4CFD690B-F1B9-4951-8204-534E7C099B44}.ToolProfile|Win32.ActiveCfg = ToolProfile|Win32
		{4CFD690B-F1B9-4951-8204-534E7C099B44}.ToolProfile|Win32.Build.0 = ToolProfile|Win32
		{4CFD690B-F1B9-4951-8204-534E7C099B44}.ToolProfile|x64.ActiveCfg = ToolProfile|x64
		{4CFD690B-F1B9-4951-8204-534E7C099B44}.ToolProfile|x64.Build.0 = ToolProfile|x64
		{4CFD690B-F1B9-4951-8204-534E7C099B44}.ToolRelease|Win32.ActiveCfg = ToolRelease|Win32
		{4CFD690B-F1B9-4951-8204-534E7C099B44}.ToolRelease|Win32.Build.0 = ToolRelease|Win32
		{4CFD690B-F1B9-4951-8204-534E7C099B44}.ToolRelease|x64.ActiveCfg = ToolRelease|x64
		{4CFD690B-F1B9-4951-8204-534E7C099B44}.ToolRelease|x64.Build.0 = ToolRelease|x64
		{4CFD690B-F1B9-4951-8204-534E7C099B44}.Xbox 360 Final|Win32.ActiveCfg = Final|Win32
		{4CFD690B-F1B9-4951-8204-534E7C099B44}.Xbox 360 Final|Win32.Build.0 = Final|Win32
		{4CFD690B-F1B9-4951-8204-534E7C099B44}.Xbox 360 Final|x64.ActiveCfg = Final|x64
		{4CFD690B-F1B9-4951-8204-534E7C099B44}.Xbox 360 Final|x64.Build.0 = Final|x64
		{4CFD690B-F1B9-4951-8204-534E7C099B44}.Xbox 360|Win32.ActiveCfg = ToolRelease|x64
		{4CFD690B-F1B9-4951-8204-534E7C099B44}.Xbox 360|x64.ActiveCfg = ToolRelease|x64
		{4CFD690B-F1B9-4951-8204-534E7C099B44}.Xbox 360|x64.Build.0 = ToolRelease|x64
	EndGlobalSection
	GlobalSection(SolutionProperties) = preSolution
		HideSolutionNode = FALSE
	EndGlobalSection
EndGlobal
